<?xml version="1.0" encoding="utf-8"?>
<Project ToolsVersion="4.0" xmlns="http://schemas.microsoft.com/developer/msbuild/2003">
  <ItemGroup>
    <Filter Include="Source Files">
      <UniqueIdentifier>{4FC737F1-C7A5-4376-A066-2A32D752A2FF}</UniqueIdentifier>
      <Extensions>cpp;c;cc;cxx;c++;cppm;ixx;def;odl;idl;hpj;bat;asm;asmx</Extensions>
    </Filter>
    <Filter Include="Header Files">
      <UniqueIdentifier>{93995380-89BD-4b04-88EB-625FBE52EBFB}</UniqueIdentifier>
      <Extensions>h;hh;hpp;hxx;h++;hm;inl;inc;ipp;xsd</Extensions>
    </Filter>
    <Filter Include="Resource Files">
      <UniqueIdentifier>{67DA6AB6-F800-4c08-8B7A-83BB121AAD01}</UniqueIdentifier>
      <Extensions>rc;ico;cur;bmp;dlg;rc2;rct;bin;rgs;gif;jpg;jpeg;jpe;resx;tiff;tif;png;wav;mfcribbon-ms</Extensions>
    </Filter>
  </ItemGroup>
  <ItemGroup>
    <ClCompile Include="divll.c">
      <Filter>Source Files</Filter>
    </ClCompile>
    <ClCompile Include="bfffo.c">
      <Filter>Source Files</Filter>
    </ClCompile>
    <ClCompile Include="level1.c">
      <Filter>Source Files</Filter>
    </ClCompile>
    <ClCompile Include="add.c">
      <Filter>Source Files</Filter>
    </ClCompile>
    <ClCompile Include="algebras.c">
      <Filter>Source Files</Filter>
    </ClCompile>
    <ClCompile Include="elldata.c">
      <Filter>Source Files</Filter>
    </ClCompile>
    <ClCompile Include="ellfromeqn.c">
      <Filter>Source Files</Filter>
    </ClCompile>
    <ClCompile Include="forperm.c">
      <Filter>Source Files</Filter>
    </ClCompile>
    <ClCompile Include="forsubset.c">
      <Filter>Source Files</Filter>
    </ClCompile>
    <ClCompile Include="galois.c">
      <Filter>Source Files</Filter>
    </ClCompile>
    <ClCompile Include="galpol.c">
      <Filter>Source Files</Filter>
    </ClCompile>
    <ClCompile Include="genus2red.c">
      <Filter>Source Files</Filter>
    </ClCompile>
    <ClCompile Include="groupid.c">
      <Filter>Source Files</Filter>
    </ClCompile>
    <ClCompile Include="krasner.c">
      <Filter>Source Files</Filter>
    </ClCompile>
    <ClCompile Include="mpqs.c">
      <Filter>Source Files</Filter>
    </ClCompile>
    <ClCompile Include="part.c">
      <Filter>Source Files</Filter>
    </ClCompile>
    <ClCompile Include="ratpoints.c">
      <Filter>Source Files</Filter>
    </ClCompile>
    <ClCompile Include="stark.c">
      <Filter>Source Files</Filter>
    </ClCompile>
    <ClCompile Include="thue.c">
      <Filter>Source Files</Filter>
    </ClCompile>
    <ClCompile Include="alglin1.c">
      <Filter>Source Files</Filter>
    </ClCompile>
    <ClCompile Include="alglin2.c">
      <Filter>Source Files</Filter>
    </ClCompile>
    <ClCompile Include="alglin3.c">
      <Filter>Source Files</Filter>
    </ClCompile>
    <ClCompile Include="aprcl.c">
      <Filter>Source Files</Filter>
    </ClCompile>
    <ClCompile Include="arith1.c">
      <Filter>Source Files</Filter>
    </ClCompile>
    <ClCompile Include="arith2.c">
      <Filter>Source Files</Filter>
    </ClCompile>
    <ClCompile Include="base1.c">
      <Filter>Source Files</Filter>
    </ClCompile>
    <ClCompile Include="base2.c">
      <Filter>Source Files</Filter>
    </ClCompile>
    <ClCompile Include="base3.c">
      <Filter>Source Files</Filter>
    </ClCompile>
    <ClCompile Include="base4.c">
      <Filter>Source Files</Filter>
    </ClCompile>
    <ClCompile Include="base5.c">
      <Filter>Source Files</Filter>
    </ClCompile>
    <ClCompile Include="bb_group.c">
      <Filter>Source Files</Filter>
    </ClCompile>
    <ClCompile Include="bb_hnf.c">
      <Filter>Source Files</Filter>
    </ClCompile>
    <ClCompile Include="bern.c">
      <Filter>Source Files</Filter>
    </ClCompile>
    <ClCompile Include="bibli1.c">
      <Filter>Source Files</Filter>
    </ClCompile>
    <ClCompile Include="bibli2.c">
      <Filter>Source Files</Filter>
    </ClCompile>
    <ClCompile Include="bit.c">
      <Filter>Source Files</Filter>
    </ClCompile>
    <ClCompile Include="bnflog.c">
      <Filter>Source Files</Filter>
    </ClCompile>
    <ClCompile Include="bnfunits.c">
      <Filter>Source Files</Filter>
    </ClCompile>
    <ClCompile Include="buch1.c">
      <Filter>Source Files</Filter>
    </ClCompile>
    <ClCompile Include="buch2.c">
      <Filter>Source Files</Filter>
    </ClCompile>
    <ClCompile Include="buch3.c">
      <Filter>Source Files</Filter>
    </ClCompile>
    <ClCompile Include="buch4.c">
      <Filter>Source Files</Filter>
    </ClCompile>
    <ClCompile Include="char.c">
      <Filter>Source Files</Filter>
    </ClCompile>
    <ClCompile Include="concat.c">
      <Filter>Source Files</Filter>
    </ClCompile>
    <ClCompile Include="crvwtors.c">
      <Filter>Source Files</Filter>
    </ClCompile>
    <ClCompile Include="dirichlet.c">
      <Filter>Source Files</Filter>
    </ClCompile>
    <ClCompile Include="ecpp.c">
      <Filter>Source Files</Filter>
    </ClCompile>
    <ClCompile Include="ellanal.c">
      <Filter>Source Files</Filter>
    </ClCompile>
    <ClCompile Include="elliptic.c">
      <Filter>Source Files</Filter>
    </ClCompile>
    <ClCompile Include="ellisog.c">
      <Filter>Source Files</Filter>
    </ClCompile>
    <ClCompile Include="ellpadic.c">
      <Filter>Source Files</Filter>
    </ClCompile>
    <ClCompile Include="ellpadiclambdamu.c">
      <Filter>Source Files</Filter>
    </ClCompile>
    <ClCompile Include="ellsea.c">
      <Filter>Source Files</Filter>
    </ClCompile>
    <ClCompile Include="elltors.c">
      <Filter>Source Files</Filter>
    </ClCompile>
    <ClCompile Include="F2v.c">
      <Filter>Source Files</Filter>
    </ClCompile>
    <ClCompile Include="F2x.c">
      <Filter>Source Files</Filter>
    </ClCompile>
    <ClCompile Include="F2xqE.c">
      <Filter>Source Files</Filter>
    </ClCompile>
    <ClCompile Include="FF.c">
      <Filter>Source Files</Filter>
    </ClCompile>
    <ClCompile Include="Fle.c">
      <Filter>Source Files</Filter>
    </ClCompile>
    <ClCompile Include="Flv.c">
      <Filter>Source Files</Filter>
    </ClCompile>
    <ClCompile Include="Flx.c">
      <Filter>Source Files</Filter>
    </ClCompile>
    <ClCompile Include="Flxq_log.c">
      <Filter>Source Files</Filter>
    </ClCompile>
    <ClCompile Include="FlxqE.c">
      <Filter>Source Files</Filter>
    </ClCompile>
    <ClCompile Include="FlxX.c">
      <Filter>Source Files</Filter>
    </ClCompile>
    <ClCompile Include="FpE.c">
      <Filter>Source Files</Filter>
    </ClCompile>
    <ClCompile Include="FpV.c">
      <Filter>Source Files</Filter>
    </ClCompile>
    <ClCompile Include="FpX.c">
      <Filter>Source Files</Filter>
    </ClCompile>
    <ClCompile Include="FpX_factor.c">
      <Filter>Source Files</Filter>
    </ClCompile>
    <ClCompile Include="FpXQX_factor.c">
      <Filter>Source Files</Filter>
    </ClCompile>
    <ClCompile Include="FpXX.c">
      <Filter>Source Files</Filter>
    </ClCompile>
    <ClCompile Include="galconj.c">
      <Filter>Source Files</Filter>
    </ClCompile>
    <ClCompile Include="gen1.c">
      <Filter>Source Files</Filter>
    </ClCompile>
    <ClCompile Include="gen2.c">
      <Filter>Source Files</Filter>
    </ClCompile>
    <ClCompile Include="gen3.c">
      <Filter>Source Files</Filter>
    </ClCompile>
    <ClCompile Include="Hensel.c">
      <Filter>Source Files</Filter>
    </ClCompile>
    <ClCompile Include="hnf_snf.c">
      <Filter>Source Files</Filter>
    </ClCompile>
    <ClCompile Include="hyperell.c">
      <Filter>Source Files</Filter>
    </ClCompile>
    <ClCompile Include="hypergeom.c">
      <Filter>Source Files</Filter>
    </ClCompile>
    <ClCompile Include="ifactor1.c">
      <Filter>Source Files</Filter>
    </ClCompile>
    <ClCompile Include="kummer.c">
      <Filter>Source Files</Filter>
    </ClCompile>
    <ClCompile Include="lfun.c">
      <Filter>Source Files</Filter>
    </ClCompile>
    <ClCompile Include="lfunquad.c">
      <Filter>Source Files</Filter>
    </ClCompile>
    <ClCompile Include="lfunutils.c">
      <Filter>Source Files</Filter>
    </ClCompile>
    <ClCompile Include="lll.c">
      <Filter>Source Files</Filter>
    </ClCompile>
    <ClCompile Include="map.c">
      <Filter>Source Files</Filter>
    </ClCompile>
    <ClCompile Include="matperm.c">
      <Filter>Source Files</Filter>
    </ClCompile>
    <ClCompile Include="mellininv.c">
      <Filter>Source Files</Filter>
    </ClCompile>
    <ClCompile Include="mftrace.c">
      <Filter>Source Files</Filter>
    </ClCompile>
    <ClCompile Include="modsym.c">
      <Filter>Source Files</Filter>
    </ClCompile>
    <ClCompile Include="msfarey.c">
      <Filter>Source Files</Filter>
    </ClCompile>
    <ClCompile Include="nffactor.c">
      <Filter>Source Files</Filter>
    </ClCompile>
    <ClCompile Include="perm.c">
      <Filter>Source Files</Filter>
    </ClCompile>
    <ClCompile Include="polarit1.c">
      <Filter>Source Files</Filter>
    </ClCompile>
    <ClCompile Include="polarit2.c">
      <Filter>Source Files</Filter>
    </ClCompile>
    <ClCompile Include="polarit3.c">
      <Filter>Source Files</Filter>
    </ClCompile>
    <ClCompile Include="polclass.c">
      <Filter>Source Files</Filter>
    </ClCompile>
    <ClCompile Include="polmodular.c">
      <Filter>Source Files</Filter>
    </ClCompile>
    <ClCompile Include="prime.c">
      <Filter>Source Files</Filter>
    </ClCompile>
    <ClCompile Include="Qfb.c">
      <Filter>Source Files</Filter>
    </ClCompile>
    <ClCompile Include="qfisom.c">
      <Filter>Source Files</Filter>
    </ClCompile>
    <ClCompile Include="qfsolve.c">
      <Filter>Source Files</Filter>
    </ClCompile>
    <ClCompile Include="QX_factor.c">
      <Filter>Source Files</Filter>
    </ClCompile>
    <ClCompile Include="random.c">
      <Filter>Source Files</Filter>
    </ClCompile>
    <ClCompile Include="RgV.c">
      <Filter>Source Files</Filter>
    </ClCompile>
    <ClCompile Include="RgX.c">
      <Filter>Source Files</Filter>
    </ClCompile>
    <ClCompile Include="rootpol.c">
      <Filter>Source Files</Filter>
    </ClCompile>
    <ClCompile Include="Ser.c">
      <Filter>Source Files</Filter>
    </ClCompile>
    <ClCompile Include="subcyclo.c">
      <Filter>Source Files</Filter>
    </ClCompile>
    <ClCompile Include="subfield.c">
      <Filter>Source Files</Filter>
    </ClCompile>
    <ClCompile Include="subgroup.c">
      <Filter>Source Files</Filter>
    </ClCompile>
    <ClCompile Include="trans1.c">
      <Filter>Source Files</Filter>
    </ClCompile>
    <ClCompile Include="trans2.c">
      <Filter>Source Files</Filter>
    </ClCompile>
    <ClCompile Include="trans3.c">
      <Filter>Source Files</Filter>
    </ClCompile>
    <ClCompile Include="volcano.c">
      <Filter>Source Files</Filter>
    </ClCompile>
    <ClCompile Include="zetamult.c">
      <Filter>Source Files</Filter>
    </ClCompile>
    <ClCompile Include="ZG.c">
      <Filter>Source Files</Filter>
    </ClCompile>
    <ClCompile Include="ZV.c">
      <Filter>Source Files</Filter>
    </ClCompile>
    <ClCompile Include="ZX.c">
      <Filter>Source Files</Filter>
    </ClCompile>
    <ClCompile Include="gp.c">
      <Filter>Source Files</Filter>
    </ClCompile>
    <ClCompile Include="anal.c">
      <Filter>Source Files</Filter>
    </ClCompile>
    <ClCompile Include="compile.c">
      <Filter>Source Files</Filter>
    </ClCompile>
    <ClCompile Include="default.c">
      <Filter>Source Files</Filter>
    </ClCompile>
    <ClCompile Include="es.c">
      <Filter>Source Files</Filter>
    </ClCompile>
    <ClCompile Include="eval.c">
      <Filter>Source Files</Filter>
    </ClCompile>
    <ClCompile Include="forprime.c">
      <Filter>Source Files</Filter>
    </ClCompile>
    <ClCompile Include="gcd.c">
      <Filter>Source Files</Filter>
    </ClCompile>
    <ClCompile Include="gcdext.c">
      <Filter>Source Files</Filter>
    </ClCompile>
    <ClCompile Include="gcdll.c">
      <Filter>Source Files</Filter>
    </ClCompile>
    <ClCompile Include="gplib.c">
      <Filter>Source Files</Filter>
    </ClCompile>
    <ClCompile Include="hash.c">
      <Filter>Source Files</Filter>
    </ClCompile>
    <ClCompile Include="init.c">
      <Filter>Source Files</Filter>
    </ClCompile>
    <ClCompile Include="intnum.c">
      <Filter>Source Files</Filter>
    </ClCompile>
    <ClCompile Include="members.c">
      <Filter>Source Files</Filter>
    </ClCompile>
    <ClCompile Include="mingw.c">
      <Filter>Source Files</Filter>
    </ClCompile>
    <ClCompile Include="mp.c">
      <Filter>Source Files</Filter>
    </ClCompile>
    <ClCompile Include="mp_indep.c">
      <Filter>Source Files</Filter>
    </ClCompile>
    <ClCompile Include="mpi.c">
      <Filter>Source Files</Filter>
    </ClCompile>
    <ClCompile Include="mpinl.c">
      <Filter>Source Files</Filter>
    </ClCompile>
    <ClCompile Include="mt.c">
      <Filter>Source Files</Filter>
    </ClCompile>
    <ClCompile Include="paricfg.c">
      <Filter>Source Files</Filter>
    </ClCompile>
    <ClCompile Include="parse.c">
      <Filter>Source Files</Filter>
    </ClCompile>
    <ClCompile Include="plotnone.c">
      <Filter>Source Files</Filter>
    </ClCompile>
    <ClCompile Include="plotport.c">
      <Filter>Source Files</Filter>
    </ClCompile>
    <ClCompile Include="str.c">
      <Filter>Source Files</Filter>
    </ClCompile>
    <ClCompile Include="sumiter.c">
      <Filter>Source Files</Filter>
    </ClCompile>
    <ClCompile Include="emacs.c">
      <Filter>Source Files</Filter>
    </ClCompile>
    <ClCompile Include="texmacs.c">
      <Filter>Source Files</Filter>
    </ClCompile>
    <ClCompile Include="whatnow.c">
      <Filter>Source Files</Filter>
    </ClCompile>
    <ClCompile Include="cmp.c">
      <Filter>Source Files</Filter>
    </ClCompile>
    <ClCompile Include="halfgcd.c">
      <Filter>Source Files</Filter>
    </ClCompile>
    <ClCompile Include="invmod.c">
      <Filter>Source Files</Filter>
    </ClCompile>
    <ClCompile Include="plottty.c">
      <Filter>Source Files</Filter>
    </ClCompile>
    <ClCompile Include="ratlift.c">
      <Filter>Source Files</Filter>
    </ClCompile>
  </ItemGroup>
  <ItemGroup>
    <ClInclude Include="..\src\language\init.h">
      <Filter>Source Files</Filter>
    </ClInclude>
    <ClInclude Include="pari.h">
      <Filter>Header Files</Filter>
    </ClInclude>
    <ClInclude Include="paricom.h">
      <Filter>Header Files</Filter>
    </ClInclude>
    <ClInclude Include="paridecl.h">
      <Filter>Header Files</Filter>
    </ClInclude>
    <ClInclude Include="parigen.h">
      <Filter>Header Files</Filter>
    </ClInclude>
    <ClInclude Include="pariinl.h">
      <Filter>Header Files</Filter>
    </ClInclude>
    <ClInclude Include="parinf.h">
      <Filter>Header Files</Filter>
    </ClInclude>
    <ClInclude Include="pariold.h">
      <Filter>Header Files</Filter>
    </ClInclude>
    <ClInclude Include="paripriv.h">
      <Filter>Header Files</Filter>
    </ClInclude>
    <ClInclude Include="paristio.h">
      <Filter>Header Files</Filter>
    </ClInclude>
    <ClInclude Include="parisys.h">
      <Filter>Header Files</Filter>
    </ClInclude>
    <ClInclude Include="parierr.h">
      <Filter>Header Files</Filter>
    </ClInclude>
    <ClInclude Include="paricast.h">
      <Filter>Header Files</Filter>
    </ClInclude>
    <ClInclude Include="int.h">
      <Filter>Header Files</Filter>
    </ClInclude>
    <ClInclude Include="divll_pre.h">
      <Filter>Header Files</Filter>
    </ClInclude>
    <ClInclude Include="mpqs.h">
      <Filter>Source Files</Filter>
    </ClInclude>
    <ClInclude Include="paricfg.h">
      <Filter>Header Files</Filter>
    </ClInclude>
    <ClInclude Include="pwinver.h">
      <Filter>Header Files</Filter>
    </ClInclude>
    <ClInclude Include="rect.h">
      <Filter>Header Files</Filter>
    </ClInclude>
    <ClInclude Include="tree.h">
      <Filter>Header Files</Filter>
    </ClInclude>
    <ClInclude Include="tune.h">
      <Filter>Header Files</Filter>
    </ClInclude>
  </ItemGroup>
</Project>