<?xml version="1.0" encoding="utf-8"?>
<Project ToolsVersion="4.0" xmlns="http://schemas.microsoft.com/developer/msbuild/2003">
  <ItemGroup>
    <Filter Include="Source Files">
      <UniqueIdentifier>{4FC737F1-C7A5-4376-A066-2A32D752A2FF}</UniqueIdentifier>
      <Extensions>cpp;c;cc;cxx;c++;cppm;ixx;def;odl;idl;hpj;bat;asm;asmx</Extensions>
    </Filter>
    <Filter Include="Header Files">
      <UniqueIdentifier>{93995380-89BD-4b04-88EB-625FBE52EBFB}</UniqueIdentifier>
      <Extensions>h;hh;hpp;hxx;h++;hm;inl;inc;ipp;xsd</Extensions>
    </Filter>
    <Filter Include="Resource Files">
      <UniqueIdentifier>{67DA6AB6-F800-4c08-8B7A-83BB121AAD01}</UniqueIdentifier>
      <Extensions>rc;ico;cur;bmp;dlg;rc2;rct;bin;rgs;gif;jpg;jpeg;jpe;resx;tiff;tif;png;wav;mfcribbon-ms</Extensions>
    </Filter>
  </ItemGroup>
  <ItemGroup>
    <ClCompile Include="..\src\basemath\alglin1.c">
      <Filter>Source Files</Filter>
    </ClCompile>
    <ClCompile Include="..\src\basemath\alglin2.c">
      <Filter>Source Files</Filter>
    </ClCompile>
    <ClCompile Include="..\src\basemath\alglin3.c">
      <Filter>Source Files</Filter>
    </ClCompile>
    <ClCompile Include="..\src\basemath\aprcl.c">
      <Filter>Source Files</Filter>
    </ClCompile>
    <ClCompile Include="..\src\basemath\arith1.c">
      <Filter>Source Files</Filter>
    </ClCompile>
    <ClCompile Include="..\src\basemath\arith2.c">
      <Filter>Source Files</Filter>
    </ClCompile>
    <ClCompile Include="..\src\basemath\base1.c">
      <Filter>Source Files</Filter>
    </ClCompile>
    <ClCompile Include="..\src\basemath\base2.c">
      <Filter>Source Files</Filter>
    </ClCompile>
    <ClCompile Include="..\src\basemath\base3.c">
      <Filter>Source Files</Filter>
    </ClCompile>
    <ClCompile Include="..\src\basemath\base4.c">
      <Filter>Source Files</Filter>
    </ClCompile>
    <ClCompile Include="..\src\basemath\base5.c">
      <Filter>Source Files</Filter>
    </ClCompile>
    <ClCompile Include="..\src\basemath\bb_group.c">
      <Filter>Source Files</Filter>
    </ClCompile>
    <ClCompile Include="..\src\basemath\bb_hnf.c">
      <Filter>Source Files</Filter>
    </ClCompile>
    <ClCompile Include="..\src\basemath\bern.c">
      <Filter>Source Files</Filter>
    </ClCompile>
    <ClCompile Include="..\src\basemath\bibli1.c">
      <Filter>Source Files</Filter>
    </ClCompile>
    <ClCompile Include="..\src\basemath\bibli2.c">
      <Filter>Source Files</Filter>
    </ClCompile>
    <ClCompile Include="..\src\basemath\bit.c">
      <Filter>Source Files</Filter>
    </ClCompile>
    <ClCompile Include="..\src\basemath\bnflog.c">
      <Filter>Source Files</Filter>
    </ClCompile>
    <ClCompile Include="..\src\basemath\bnfunits.c">
      <Filter>Source Files</Filter>
    </ClCompile>
    <ClCompile Include="..\src\basemath\buch1.c">
      <Filter>Source Files</Filter>
    </ClCompile>
    <ClCompile Include="..\src\basemath\buch2.c">
      <Filter>Source Files</Filter>
    </ClCompile>
    <ClCompile Include="..\src\basemath\buch3.c">
      <Filter>Source Files</Filter>
    </ClCompile>
    <ClCompile Include="..\src\basemath\buch4.c">
      <Filter>Source Files</Filter>
    </ClCompile>
    <ClCompile Include="..\src\basemath\char.c">
      <Filter>Source Files</Filter>
    </ClCompile>
    <ClCompile Include="..\src\basemath\concat.c">
      <Filter>Source Files</Filter>
    </ClCompile>
    <ClCompile Include="..\src\basemath\crvwtors.c">
      <Filter>Source Files</Filter>
    </ClCompile>
    <ClCompile Include="..\src\basemath\dirichlet.c">
      <Filter>Source Files</Filter>
    </ClCompile>
    <ClCompile Include="..\src\basemath\ecpp.c">
      <Filter>Source Files</Filter>
    </ClCompile>
    <ClCompile Include="..\src\basemath\ellanal.c">
      <Filter>Source Files</Filter>
    </ClCompile>
    <ClCompile Include="..\src\basemath\elliptic.c">
      <Filter>Source Files</Filter>
    </ClCompile>
    <ClCompile Include="..\src\basemath\ellisog.c">
      <Filter>Source Files</Filter>
    </ClCompile>
    <ClCompile Include="..\src\basemath\ellpadic.c">
      <Filter>Source Files</Filter>
    </ClCompile>
    <ClCompile Include="..\src\basemath\ellpadiclambdamu.c">
      <Filter>Source Files</Filter>
    </ClCompile>
    <ClCompile Include="..\src\basemath\ellsea.c">
      <Filter>Source Files</Filter>
    </ClCompile>
    <ClCompile Include="..\src\basemath\elltors.c">
      <Filter>Source Files</Filter>
    </ClCompile>
    <ClCompile Include="..\src\basemath\F2v.c">
      <Filter>Source Files</Filter>
    </ClCompile>
    <ClCompile Include="..\src\basemath\F2x.c">
      <Filter>Source Files</Filter>
    </ClCompile>
    <ClCompile Include="..\src\basemath\F2xqE.c">
      <Filter>Source Files</Filter>
    </ClCompile>
    <ClCompile Include="..\src\basemath\FF.c">
      <Filter>Source Files</Filter>
    </ClCompile>
    <ClCompile Include="..\src\basemath\Fle.c">
      <Filter>Source Files</Filter>
    </ClCompile>
    <ClCompile Include="..\src\basemath\Flv.c">
      <Filter>Source Files</Filter>
    </ClCompile>
    <ClCompile Include="..\src\basemath\Flx.c">
      <Filter>Source Files</Filter>
    </ClCompile>
    <ClCompile Include="..\src\basemath\Flxq_log.c">
      <Filter>Source Files</Filter>
    </ClCompile>
    <ClCompile Include="..\src\basemath\FlxqE.c">
      <Filter>Source Files</Filter>
    </ClCompile>
    <ClCompile Include="..\src\basemath\FlxX.c">
      <Filter>Source Files</Filter>
    </ClCompile>
    <ClCompile Include="..\src\basemath\FpE.c">
      <Filter>Source Files</Filter>
    </ClCompile>
    <ClCompile Include="..\src\basemath\FpV.c">
      <Filter>Source Files</Filter>
    </ClCompile>
    <ClCompile Include="..\src\basemath\FpX.c">
      <Filter>Source Files</Filter>
    </ClCompile>
    <ClCompile Include="..\src\basemath\FpX_factor.c">
      <Filter>Source Files</Filter>
    </ClCompile>
    <ClCompile Include="..\src\basemath\FpXQX_factor.c">
      <Filter>Source Files</Filter>
    </ClCompile>
    <ClCompile Include="..\src\basemath\FpXX.c">
      <Filter>Source Files</Filter>
    </ClCompile>
    <ClCompile Include="..\src\basemath\galconj.c">
      <Filter>Source Files</Filter>
    </ClCompile>
    <ClCompile Include="..\src\basemath\gen1.c">
      <Filter>Source Files</Filter>
    </ClCompile>
    <ClCompile Include="..\src\basemath\gen2.c">
      <Filter>Source Files</Filter>
    </ClCompile>
    <ClCompile Include="..\src\basemath\gen3.c">
      <Filter>Source Files</Filter>
    </ClCompile>
    <ClCompile Include="..\src\basemath\Hensel.c">
      <Filter>Source Files</Filter>
    </ClCompile>
    <ClCompile Include="..\src\basemath\hnf_snf.c">
      <Filter>Source Files</Filter>
    </ClCompile>
    <ClCompile Include="..\src\basemath\hyperell.c">
      <Filter>Source Files</Filter>
    </ClCompile>
    <ClCompile Include="..\src\basemath\hypergeom.c">
      <Filter>Source Files</Filter>
    </ClCompile>
    <ClCompile Include="..\src\basemath\ifactor1.c">
      <Filter>Source Files</Filter>
    </ClCompile>
    <ClCompile Include="..\src\basemath\kummer.c">
      <Filter>Source Files</Filter>
    </ClCompile>
    <ClCompile Include="..\src\basemath\lfun.c">
      <Filter>Source Files</Filter>
    </ClCompile>
    <ClCompile Include="..\src\basemath\lfunquad.c">
      <Filter>Source Files</Filter>
    </ClCompile>
    <ClCompile Include="..\src\basemath\lfunutils.c">
      <Filter>Source Files</Filter>
    </ClCompile>
    <ClCompile Include="..\src\basemath\lll.c">
      <Filter>Source Files</Filter>
    </ClCompile>
    <ClCompile Include="..\src\basemath\map.c">
      <Filter>Source Files</Filter>
    </ClCompile>
    <ClCompile Include="..\src\basemath\matperm.c">
      <Filter>Source Files</Filter>
    </ClCompile>
    <ClCompile Include="..\src\basemath\mellininv.c">
      <Filter>Source Files</Filter>
    </ClCompile>
    <ClCompile Include="..\src\basemath\mftrace.c">
      <Filter>Source Files</Filter>
    </ClCompile>
    <ClCompile Include="..\src\basemath\modsym.c">
      <Filter>Source Files</Filter>
    </ClCompile>
    <ClCompile Include="..\src\basemath\msfarey.c">
      <Filter>Source Files</Filter>
    </ClCompile>
    <ClCompile Include="..\src\basemath\nffactor.c">
      <Filter>Source Files</Filter>
    </ClCompile>
    <ClCompile Include="..\src\basemath\perm.c">
      <Filter>Source Files</Filter>
    </ClCompile>
    <ClCompile Include="..\src\basemath\polarit1.c">
      <Filter>Source Files</Filter>
    </ClCompile>
    <ClCompile Include="..\src\basemath\polarit2.c">
      <Filter>Source Files</Filter>
    </ClCompile>
    <ClCompile Include="..\src\basemath\polarit3.c">
      <Filter>Source Files</Filter>
    </ClCompile>
    <ClCompile Include="..\src\basemath\polclass.c">
      <Filter>Source Files</Filter>
    </ClCompile>
    <ClCompile Include="..\src\basemath\polmodular.c">
      <Filter>Source Files</Filter>
    </ClCompile>
    <ClCompile Include="..\src\basemath\prime.c">
      <Filter>Source Files</Filter>
    </ClCompile>
    <ClCompile Include="..\src\basemath\Qfb.c">
      <Filter>Source Files</Filter>
    </ClCompile>
    <ClCompile Include="..\src\basemath\qfisom.c">
      <Filter>Source Files</Filter>
    </ClCompile>
    <ClCompile Include="..\src\basemath\qfsolve.c">
      <Filter>Source Files</Filter>
    </ClCompile>
    <ClCompile Include="..\src\basemath\QX_factor.c">
      <Filter>Source Files</Filter>
    </ClCompile>
    <ClCompile Include="..\src\basemath\random.c">
      <Filter>Source Files</Filter>
    </ClCompile>
    <ClCompile Include="..\src\basemath\RgV.c">
      <Filter>Source Files</Filter>
    </ClCompile>
    <ClCompile Include="..\src\basemath\RgX.c">
      <Filter>Source Files</Filter>
    </ClCompile>
    <ClCompile Include="..\src\basemath\rootpol.c">
      <Filter>Source Files</Filter>
    </ClCompile>
    <ClCompile Include="..\src\basemath\Ser.c">
      <Filter>Source Files</Filter>
    </ClCompile>
    <ClCompile Include="..\src\basemath\subcyclo.c">
      <Filter>Source Files</Filter>
    </ClCompile>
    <ClCompile Include="..\src\basemath\subfield.c">
      <Filter>Source Files</Filter>
    </ClCompile>
    <ClCompile Include="..\src\basemath\subgroup.c">
      <Filter>Source Files</Filter>
    </ClCompile>
    <ClCompile Include="..\src\basemath\trans1.c">
      <Filter>Source Files</Filter>
    </ClCompile>
    <ClCompile Include="..\src\basemath\trans2.c">
      <Filter>Source Files</Filter>
    </ClCompile>
    <ClCompile Include="..\src\basemath\trans3.c">
      <Filter>Source Files</Filter>
    </ClCompile>
    <ClCompile Include="..\src\basemath\volcano.c">
      <Filter>Source Files</Filter>
    </ClCompile>
    <ClCompile Include="..\src\basemath\zetamult.c">
      <Filter>Source Files</Filter>
    </ClCompile>
    <ClCompile Include="..\src\basemath\ZG.c">
      <Filter>Source Files</Filter>
    </ClCompile>
    <ClCompile Include="..\src\basemath\ZV.c">
      <Filter>Source Files</Filter>
    </ClCompile>
    <ClCompile Include="..\src\basemath\ZX.c">
      <Filter>Source Files</Filter>
    </ClCompile>
    <ClCompile Include="..\src\language\anal.c">
      <Filter>Source Files</Filter>
    </ClCompile>
    <ClCompile Include="..\src\language\compile.c">
      <Filter>Source Files</Filter>
    </ClCompile>
    <ClCompile Include="..\src\language\default.c">
      <Filter>Source Files</Filter>
    </ClCompile>
    <ClCompile Include="..\src\language\eval.c">
      <Filter>Source Files</Filter>
    </ClCompile>
    <ClCompile Include="..\src\language\forprime.c">
      <Filter>Source Files</Filter>
    </ClCompile>
    <ClCompile Include="..\src\language\gplib.c">
      <Filter>Source Files</Filter>
    </ClCompile>
    <ClCompile Include="..\src\language\hash.c">
      <Filter>Source Files</Filter>
    </ClCompile>
    <ClCompile Include="..\src\language\init.c">
      <Filter>Source Files</Filter>
    </ClCompile>
    <ClCompile Include="..\src\language\intnum.c">
      <Filter>Source Files</Filter>
    </ClCompile>
    <ClCompile Include="..\src\language\members.c">
      <Filter>Source Files</Filter>
    </ClCompile>
    <ClCompile Include="..\src\language\paricfg.c">
      <Filter>Source Files</Filter>
    </ClCompile>
    <ClCompile Include="..\src\language\pariinl.c">
      <Filter>Source Files</Filter>
    </ClCompile>
    <ClCompile Include="..\src\language\parse.c">
      <Filter>Source Files</Filter>
    </ClCompile>
    <ClCompile Include="..\src\language\readline.c">
      <Filter>Source Files</Filter>
    </ClCompile>
    <ClCompile Include="..\src\language\str.c">
      <Filter>Source Files</Filter>
    </ClCompile>
    <ClCompile Include="..\src\language\sumiter.c">
      <Filter>Source Files</Filter>
    </ClCompile>
    <ClCompile Include="..\src\gp\emacs.c">
      <Filter>Source Files</Filter>
    </ClCompile>
    <ClCompile Include="..\src\gp\gp.c">
      <Filter>Source Files</Filter>
    </ClCompile>
    <ClCompile Include="..\src\gp\texmacs.c">
      <Filter>Source Files</Filter>
    </ClCompile>
    <ClCompile Include="..\src\gp\whatnow.c">
      <Filter>Source Files</Filter>
    </ClCompile>
    <ClCompile Include="..\src\graph\plotnone.c">
      <Filter>Source Files</Filter>
    </ClCompile>
    <ClCompile Include="..\src\graph\plotport.c">
      <Filter>Source Files</Filter>
    </ClCompile>
    <ClCompile Include="..\src\kernel\gmp\mp.c">
      <Filter>Source Files</Filter>
    </ClCompile>
    <ClCompile Include="..\src\kernel\gmp\gcd.c">
      <Filter>Source Files</Filter>
    </ClCompile>
    <ClCompile Include="..\src\kernel\gmp\gcdext.c">
      <Filter>Source Files</Filter>
    </ClCompile>
    <ClCompile Include="..\src\kernel\none\add.c">
      <Filter>Source Files</Filter>
    </ClCompile>
    <ClCompile Include="divll.c">
      <Filter>Source Files</Filter>
    </ClCompile>
    <ClCompile Include="bfffo.c">
      <Filter>Source Files</Filter>
    </ClCompile>
    <ClCompile Include="..\src\kernel\none\mp_indep.c">
      <Filter>Source Files</Filter>
    </ClCompile>
    <ClCompile Include="..\src\kernel\none\gcdll.c">
      <Filter>Source Files</Filter>
    </ClCompile>
    <ClCompile Include="..\src64\kernel\none\invmod.c">
      <Filter>Source Files</Filter>
    </ClCompile>
    <ClCompile Include="level1.c">
      <Filter>Source Files</Filter>
    </ClCompile>
    <ClCompile Include="..\src64\language\es.c">
      <Filter>Source Files</Filter>
    </ClCompile>
    <ClCompile Include="..\src64\kernel\none\cmp.c">
      <Filter>Source Files</Filter>
    </ClCompile>
    <ClCompile Include="..\src\systems\mingw\mingw.c">
      <Filter>Source Files</Filter>
    </ClCompile>
    <ClCompile Include="..\src\mt\mpi.c">
      <Filter>Source Files</Filter>
    </ClCompile>
    <ClCompile Include="..\src\mt\mt.c">
      <Filter>Source Files</Filter>
    </ClCompile>
    <ClCompile Include="..\src64\kernel\none\ratlift.c">
      <Filter>Source Files</Filter>
    </ClCompile>
    <ClCompile Include="..\src64\modules\galois.c">
      <Filter>Source Files</Filter>
    </ClCompile>
    <ClCompile Include="..\src64\modules\part.c">
      <Filter>Source Files</Filter>
    </ClCompile>
    <ClCompile Include="..\src64\modules\stark.c">
      <Filter>Source Files</Filter>
    </ClCompile>
    <ClCompile Include="..\src64\modules\elldata.c">
      <Filter>Source Files</Filter>
    </ClCompile>
    <ClCompile Include="..\src64\modules\algebras.c">
      <Filter>Source Files</Filter>
    </ClCompile>
    <ClCompile Include="..\src64\modules\groupid.c">
      <Filter>Source Files</Filter>
    </ClCompile>
    <ClCompile Include="..\src64\modules\mpqs.c">
      <Filter>Source Files</Filter>
    </ClCompile>
    <ClCompile Include="..\src64\modules\ellfromeqn.c">
      <Filter>Source Files</Filter>
    </ClCompile>
    <ClCompile Include="..\src64\modules\genus2red.c">
      <Filter>Source Files</Filter>
    </ClCompile>
    <ClCompile Include="..\src64\kernel\none\halfgcd.c">
      <Filter>Source Files</Filter>
    </ClCompile>
    <ClCompile Include="..\src64\modules\galpol.c">
      <Filter>Source Files</Filter>
    </ClCompile>
    <ClCompile Include="..\src64\modules\krasner.c">
      <Filter>Source Files</Filter>
    </ClCompile>
    <ClCompile Include="..\src64\modules\ratpoints.c">
      <Filter>Source Files</Filter>
    </ClCompile>
    <ClCompile Include="..\src64\modules\thue.c">
      <Filter>Source Files</Filter>
    </ClCompile>
    <ClCompile Include="..\src64\modules\forperm.c">
      <Filter>Source Files</Filter>
    </ClCompile>
    <ClCompile Include="..\src64\modules\forsubset.c">
      <Filter>Source Files</Filter>
    </ClCompile>
    <ClCompile Include="..\src64\graph\plottty.c">
      <Filter>Source Files</Filter>
    </ClCompile>
  </ItemGroup>
  <ItemGroup>
    <ClInclude Include="..\src\headers\pari.h">
      <Filter>Header Files</Filter>
    </ClInclude>
    <ClInclude Include="..\src\headers\paricast.h">
      <Filter>Header Files</Filter>
    </ClInclude>
    <ClInclude Include="..\src\headers\paricom.h">
      <Filter>Header Files</Filter>
    </ClInclude>
    <ClInclude Include="..\src\headers\paridecl.h">
      <Filter>Header Files</Filter>
    </ClInclude>
    <ClInclude Include="..\src\headers\parierr.h">
      <Filter>Header Files</Filter>
    </ClInclude>
    <ClInclude Include="..\src\headers\parigen.h">
      <Filter>Header Files</Filter>
    </ClInclude>
    <ClInclude Include="..\src\headers\pariinl.h">
      <Filter>Header Files</Filter>
    </ClInclude>
    <ClInclude Include="..\src\headers\parinf.h">
      <Filter>Header Files</Filter>
    </ClInclude>
    <ClInclude Include="..\src\headers\pariold.h">
      <Filter>Header Files</Filter>
    </ClInclude>
    <ClInclude Include="..\src\headers\paripriv.h">
      <Filter>Header Files</Filter>
    </ClInclude>
    <ClInclude Include="..\src\headers\paristio.h">
      <Filter>Header Files</Filter>
    </ClInclude>
    <ClInclude Include="..\src\headers\parisys.h">
      <Filter>Header Files</Filter>
    </ClInclude>
    <ClInclude Include="..\src\headers\paritune.h">
      <Filter>Header Files</Filter>
    </ClInclude>
    <ClInclude Include="..\src\kernel\ia64\asm1.h">
      <Filter>Header Files</Filter>
    </ClInclude>
    <ClInclude Include="..\src\language\init.h">
      <Filter>Source Files</Filter>
    </ClInclude>
    <ClInclude Include="..\src\language\tree.h">
      <Filter>Header Files</Filter>
    </ClInclude>
    <ClInclude Include="..\src\language\parsec.h">
      <Filter>Header Files</Filter>
    </ClInclude>
    <ClInclude Include="..\src\language\parse.h">
      <Filter>Header Files</Filter>
    </ClInclude>
    <ClInclude Include="..\src\language\opcode.h">
      <Filter>Header Files</Filter>
    </ClInclude>
    <ClInclude Include="..\src\language\default.h">
      <Filter>Header Files</Filter>
    </ClInclude>
    <ClInclude Include="..\src\gp\gp.h">
      <Filter>Header Files</Filter>
    </ClInclude>
    <ClInclude Include="..\src\gp\gp_init.h">
      <Filter>Header Files</Filter>
    </ClInclude>
    <ClInclude Include="..\src\gp\whatnow.h">
      <Filter>Header Files</Filter>
    </ClInclude>
    <ClInclude Include="..\src\graph\rect.h">
      <Filter>Header Files</Filter>
    </ClInclude>
    <ClInclude Include="..\Omingw-x86_64\paricfg.h">
      <Filter>Header Files</Filter>
    </ClInclude>
    <ClInclude Include="..\src\kernel\gmp\int.h">
      <Filter>Header Files</Filter>
    </ClInclude>
    <ClInclude Include="..\src\kernel\none\divll.h">
      <Filter>Header Files</Filter>
    </ClInclude>
    <ClInclude Include="..\src\kernel\none\divll_pre.h">
      <Filter>Header Files</Filter>
    </ClInclude>
    <ClInclude Include="..\src\kernel\none\tune.h">
      <Filter>Header Files</Filter>
    </ClInclude>
    <ClInclude Include="..\src\mt\mt.h">
      <Filter>Header Files</Filter>
    </ClInclude>
  </ItemGroup>
  <ItemGroup>
    <None Include="..\src\language\parse.y">
      <Filter>Source Files</Filter>
    </None>
  </ItemGroup>
</Project>